
Microsoft Visual Studio Solution File, Format Version 12.00
# Visual Studio Version 17
VisualStudioVersion = 17.12.35514.174 d17.12
MinimumVisualStudioVersion = 10.0.40219.1
Project("{FAE04EC0-301F-11D3-BF4B-00C04F79EFBC}") = "BackendAPITemplate", "BackendAPITemplate\BackendAPITemplate.csproj", "{9FC5B5C2-6998-47AA-9B05-E197DA40A727}"
EndProject
Global
	GlobalSection(SolutionConfigurationPlatforms) = preSolution
		Debug|Any CPU = Debug|Any CPU
		Release|Any CPU = Release|Any CPU
	EndGlobalSection
	GlobalSection(ProjectConfigurationPlatforms) = postSolution
		{9FC5B5C2-6998-47AA-9B05-E197DA40A727}.Debug|Any CPU.ActiveCfg = Debug|Any CPU
		{9FC5B5C2-6998-47AA-9B05-E197DA40A727}.Debug|Any CPU.Build.0 = Debug|Any CPU
		{9FC5B5C2-6998-47AA-9B05-E197DA40A727}.Release|Any CPU.ActiveCfg = Release|Any CPU
		{9FC5B5C2-6998-47AA-9B05-E197DA40A727}.Release|Any CPU.Build.0 = Release|Any CPU
	EndGlobalSection
	GlobalSection(SolutionProperties) = preSolution
		HideSolutionNode = FALSE
	EndGlobalSection
EndGlobal
